// !$*UTF8*$!
{
	archiveVersion = 1;
	classes = {
	};
	objectVersion = 46;
	objects = {

/* Begin PBXBuildFile section */
		382E4B5E1B256A5B000900F8 /* main.m in Sources */ = {isa = PBXBuildFile; fileRef = 382E4B5D1B256A5B000900F8 /* main.m */; };
		382E4B611B256A5B000900F8 /* AppDelegate.m in Sources */ = {isa = PBXBuildFile; fileRef = 382E4B601B256A5B000900F8 /* AppDelegate.m */; };
		382E4B641B256A5B000900F8 /* FirstViewController.m in Sources */ = {isa = PBXBuildFile; fileRef = 382E4B631B256A5B000900F8 /* FirstViewController.m */; };
		382E4B671B256A5B000900F8 /* SecondViewController.m in Sources */ = {isa = PBXBuildFile; fileRef = 382E4B661B256A5B000900F8 /* SecondViewController.m */; };
		382E4B6A1B256A5B000900F8 /* Main.storyboard in Resources */ = {isa = PBXBuildFile; fileRef = 382E4B681B256A5B000900F8 /* Main.storyboard */; };
		382E4B6C1B256A5B000900F8 /* Images.xcassets in Resources */ = {isa = PBXBuildFile; fileRef = 382E4B6B1B256A5B000900F8 /* Images.xcassets */; };
		382E4B6F1B256A5B000900F8 /* LaunchScreen.xib in Resources */ = {isa = PBXBuildFile; fileRef = 382E4B6D1B256A5B000900F8 /* LaunchScreen.xib */; };
		382E4B7B1B256A5B000900F8 /* WindBandAppTests.m in Sources */ = {isa = PBXBuildFile; fileRef = 382E4B7A1B256A5B000900F8 /* WindBandAppTests.m */; };
/* End PBXBuildFile section */

/* Begin PBXContainerItemProxy section */
		382E4B751B256A5B000900F8 /* PBXContainerItemProxy */ = {
			isa = PBXContainerItemProxy;
			containerPortal = 382E4B501B256A5B000900F8 /* Project object */;
			proxyType = 1;
			remoteGlobalIDString = 382E4B571B256A5B000900F8;
			remoteInfo = WindBandApp;
		};
/* End PBXContainerItemProxy section */

/* Begin PBXFileReference section */
		382E4B581B256A5B000900F8 /* WindBandApp.app */ = {isa = PBXFileReference; explicitFileType = wrapper.application; includeInIndex = 0; path = WindBandApp.app; sourceTree = BUILT_PRODUCTS_DIR; };
		382E4B5C1B256A5B000900F8 /* Info.plist */ = {isa = PBXFileReference; lastKnownFileType = text.plist.xml; path = Info.plist; sourceTree = "<group>"; };
		382E4B5D1B256A5B000900F8 /* main.m */ = {isa = PBXFileReference; lastKnownFileType = sourcecode.c.objc; path = main.m; sourceTree = "<group>"; };
		382E4B5F1B256A5B000900F8 /* AppDelegate.h */ = {isa = PBXFileReference; lastKnownFileType = sourcecode.c.h; path = AppDelegate.h; sourceTree = "<group>"; };
		382E4B601B256A5B000900F8 /* AppDelegate.m */ = {isa = PBXFileReference; lastKnownFileType = sourcecode.c.objc; path = AppDelegate.m; sourceTree = "<group>"; };
		382E4B621B256A5B000900F8 /* FirstViewController.h */ = {isa = PBXFileReference; lastKnownFileType = sourcecode.c.h; path = FirstViewController.h; sourceTree = "<group>"; };
		382E4B631B256A5B000900F8 /* FirstViewController.m */ = {isa = PBXFileReference; lastKnownFileType = sourcecode.c.objc; path = FirstViewController.m; sourceTree = "<group>"; };
		382E4B651B256A5B000900F8 /* SecondViewController.h */ = {isa = PBXFileReference; lastKnownFileType = sourcecode.c.h; path = SecondViewController.h; sourceTree = "<group>"; };
		382E4B661B256A5B000900F8 /* SecondViewController.m */ = {isa = PBXFileReference; lastKnownFileType = sourcecode.c.objc; path = SecondViewController.m; sourceTree = "<group>"; };
		382E4B691B256A5B000900F8 /* Base */ = {isa = PBXFileReference; lastKnownFileType = file.storyboard; name = Base; path = Base.lproj/Main.storyboard; sourceTree = "<group>"; };
		382E4B6B1B256A5B000900F8 /* Images.xcassets */ = {isa = PBXFileReference; lastKnownFileType = folder.assetcatalog; path = Images.xcassets; sourceTree = "<group>"; };
		382E4B6E1B256A5B000900F8 /* Base */ = {isa = PBXFileReference; lastKnownFileType = file.xib; name = Base; path = Base.lproj/LaunchScreen.xib; sourceTree = "<group>"; };
		382E4B741B256A5B000900F8 /* WindBandAppTests.xctest */ = {isa = PBXFileReference; explicitFileType = wrapper.cfbundle; includeInIndex = 0; path = WindBandAppTests.xctest; sourceTree = BUILT_PRODUCTS_DIR; };
		382E4B791B256A5B000900F8 /* Info.plist */ = {isa = PBXFileReference; lastKnownFileType = text.plist.xml; path = Info.plist; sourceTree = "<group>"; };
		382E4B7A1B256A5B000900F8 /* WindBandAppTests.m */ = {isa = PBXFileReference; lastKnownFileType = sourcecode.c.objc; path = WindBandAppTests.m; sourceTree = "<group>"; };
/* End PBXFileReference section */

/* Begin PBXFrameworksBuildPhase section */
		382E4B551B256A5B000900F8 /* Frameworks */ = {
			isa = PBXFrameworksBuildPhase;
			buildActionMask = 2147483647;
			files = (
			);
			runOnlyForDeploymentPostprocessing = 0;
		};
		382E4B711B256A5B000900F8 /* Frameworks */ = {
			isa = PBXFrameworksBuildPhase;
			buildActionMask = 2147483647;
			files = (
			);
			runOnlyForDeploymentPostprocessing = 0;
		};
/* End PBXFrameworksBuildPhase section */

/* Begin PBXGroup section */
		382E4B4F1B256A5B000900F8 = {
			isa = PBXGroup;
			children = (
				382E4B5A1B256A5B000900F8 /* WindBandApp */,
				382E4B771B256A5B000900F8 /* WindBandAppTests */,
				382E4B591B256A5B000900F8 /* Products */,
			);
			sourceTree = "<group>";
		};
		382E4B591B256A5B000900F8 /* Products */ = {
			isa = PBXGroup;
			children = (
				382E4B581B256A5B000900F8 /* WindBandApp.app */,
				382E4B741B256A5B000900F8 /* WindBandAppTests.xctest */,
			);
			name = Products;
			sourceTree = "<group>";
		};
		382E4B5A1B256A5B000900F8 /* WindBandApp */ = {
			isa = PBXGroup;
			children = (
				382E4B5F1B256A5B000900F8 /* AppDelegate.h */,
				382E4B601B256A5B000900F8 /* AppDelegate.m */,
				382E4B621B256A5B000900F8 /* FirstViewController.h */,
				382E4B631B256A5B000900F8 /* FirstViewController.m */,
				382E4B651B256A5B000900F8 /* SecondViewController.h */,
				382E4B661B256A5B000900F8 /* SecondViewController.m */,
				382E4B681B256A5B000900F8 /* Main.storyboard */,
				382E4B6B1B256A5B000900F8 /* Images.xcassets */,
				382E4B6D1B256A5B000900F8 /* LaunchScreen.xib */,
				382E4B5B1B256A5B000900F8 /* Supporting Files */,
			);
			path = WindBandApp;
			sourceTree = "<group>";
		};
		382E4B5B1B256A5B000900F8 /* Supporting Files */ = {
			isa = PBXGroup;
			children = (
				382E4B5C1B256A5B000900F8 /* Info.plist */,
				382E4B5D1B256A5B000900F8 /* main.m */,
			);
			name = "Supporting Files";
			sourceTree = "<group>";
		};
		382E4B771B256A5B000900F8 /* WindBandAppTests */ = {
			isa = PBXGroup;
			children = (
				382E4B7A1B256A5B000900F8 /* WindBandAppTests.m */,
				382E4B781B256A5B000900F8 /* Supporting Files */,
			);
			path = WindBandAppTests;
			sourceTree = "<group>";
		};
		382E4B781B256A5B000900F8 /* Supporting Files */ = {
			isa = PBXGroup;
			children = (
				382E4B791B256A5B000900F8 /* Info.plist */,
			);
			name = "Supporting Files";
			sourceTree = "<group>";
		};
/* End PBXGroup section */

/* Begin PBXNativeTarget section */
		382E4B571B256A5B000900F8 /* WindBandApp */ = {
			isa = PBXNativeTarget;
			buildConfigurationList = 382E4B7E1B256A5B000900F8 /* Build configuration list for PBXNativeTarget "WindBandApp" */;
			buildPhases = (
				382E4B541B256A5B000900F8 /* Sources */,
				382E4B551B256A5B000900F8 /* Frameworks */,
				382E4B561B256A5B000900F8 /* Resources */,
			);
			buildRules = (
			);
			dependencies = (
			);
			name = WindBandApp;
			productName = WindBandApp;
			productReference = 382E4B581B256A5B000900F8 /* WindBandApp.app */;
			productType = "com.apple.product-type.application";
		};
		382E4B731B256A5B000900F8 /* WindBandAppTests */ = {
			isa = PBXNativeTarget;
			buildConfigurationList = 382E4B811B256A5B000900F8 /* Build configuration list for PBXNativeTarget "WindBandAppTests" */;
			buildPhases = (
				382E4B701B256A5B000900F8 /* Sources */,
				382E4B711B256A5B000900F8 /* Frameworks */,
				382E4B721B256A5B000900F8 /* Resources */,
			);
			buildRules = (
			);
			dependencies = (
				382E4B761B256A5B000900F8 /* PBXTargetDependency */,
			);
			name = WindBandAppTests;
			productName = WindBandAppTests;
			productReference = 382E4B741B256A5B000900F8 /* WindBandAppTests.xctest */;
			productType = "com.apple.product-type.bundle.unit-test";
		};
/* End PBXNativeTarget section */

/* Begin PBXProject section */
		382E4B501B256A5B000900F8 /* Project object */ = {
			isa = PBXProject;
			attributes = {
				LastUpgradeCheck = 0630;
				ORGANIZATIONNAME = PeterChen;
				TargetAttributes = {
					382E4B571B256A5B000900F8 = {
						CreatedOnToolsVersion = 6.3.2;
					};
					382E4B731B256A5B000900F8 = {
						CreatedOnToolsVersion = 6.3.2;
						TestTargetID = 382E4B571B256A5B000900F8;
					};
				};
			};
			buildConfigurationList = 382E4B531B256A5B000900F8 /* Build configuration list for PBXProject "WindBandApp" */;
			compatibilityVersion = "Xcode 3.2";
			developmentRegion = English;
			hasScannedForEncodings = 0;
			knownRegions = (
				en,
				Base,
			);
			mainGroup = 382E4B4F1B256A5B000900F8;
			productRefGroup = 382E4B591B256A5B000900F8 /* Products */;
			projectDirPath = "";
			projectRoot = "";
			targets = (
				382E4B571B256A5B000900F8 /* WindBandApp */,
				382E4B731B256A5B000900F8 /* WindBandAppTests */,
			);
		};
/* End PBXProject section */

/* Begin PBXResourcesBuildPhase section */
		382E4B561B256A5B000900F8 /* Resources */ = {
			isa = PBXResourcesBuildPhase;
			buildActionMask = 2147483647;
			files = (
				382E4B6A1B256A5B000900F8 /* Main.storyboard in Resources */,
				382E4B6F1B256A5B000900F8 /* LaunchScreen.xib in Resources */,
				382E4B6C1B256A5B000900F8 /* Images.xcassets in Resources */,
			);
			runOnlyForDeploymentPostprocessing = 0;
		};
		382E4B721B256A5B000900F8 /* Resources */ = {
			isa = PBXResourcesBuildPhase;
			buildActionMask = 2147483647;
			files = (
			);
			runOnlyForDeploymentPostprocessing = 0;
		};
/* End PBXResourcesBuildPhase section */

/* Begin PBXSourcesBuildPhase section */
		382E4B541B256A5B000900F8 /* Sources */ = {
			isa = PBXSourcesBuildPhase;
			buildActionMask = 2147483647;
			files = (
				382E4B671B256A5B000900F8 /* SecondViewController.m in Sources */,
				382E4B611B256A5B000900F8 /* AppDelegate.m in Sources */,
				382E4B641B256A5B000900F8 /* FirstViewController.m in Sources */,
				382E4B5E1B256A5B000900F8 /* main.m in Sources */,
			);
			runOnlyForDeploymentPostprocessing = 0;
		};
		382E4B701B256A5B000900F8 /* Sources */ = {
			isa = PBXSourcesBuildPhase;
			buildActionMask = 2147483647;
			files = (
				382E4B7B1B256A5B000900F8 /* WindBandAppTests.m in Sources */,
			);
			runOnlyForDeploymentPostprocessing = 0;
		};
/* End PBXSourcesBuildPhase section */

/* Begin PBXTargetDependency section */
		382E4B761B256A5B000900F8 /* PBXTargetDependency */ = {
			isa = PBXTargetDependency;
			target = 382E4B571B256A5B000900F8 /* WindBandApp */;
			targetProxy = 382E4B751B256A5B000900F8 /* PBXContainerItemProxy */;
		};
/* End PBXTargetDependency section */

/* Begin PBXVariantGroup section */
		382E4B681B256A5B000900F8 /* Main.storyboard */ = {
			isa = PBXVariantGroup;
			children = (
				382E4B691B256A5B000900F8 /* Base */,
			);
			name = Main.storyboard;
			sourceTree = "<group>";
		};
		382E4B6D1B256A5B000900F8 /* LaunchScreen.xib */ = {
			isa = PBXVariantGroup;
			children = (
				382E4B6E1B256A5B000900F8 /* Base */,
			);
			name = LaunchScreen.xib;
			sourceTree = "<group>";
		};
/* End PBXVariantGroup section */

/* Begin XCBuildConfiguration section */
		382E4B7C1B256A5B000900F8 /* Debug */ = {
			isa = XCBuildConfiguration;
			buildSettings = {
				ALWAYS_SEARCH_USER_PATHS = NO;
				CLANG_CXX_LANGUAGE_STANDARD = "gnu++0x";
				CLANG_CXX_LIBRARY = "libc++";
				CLANG_ENABLE_MODULES = YES;
				CLANG_ENABLE_OBJC_ARC = YES;
				CLANG_WARN_BOOL_CONVERSION = YES;
				CLANG_WARN_CONSTANT_CONVERSION = YES;
				CLANG_WARN_DIRECT_OBJC_ISA_USAGE = YES_ERROR;
				CLANG_WARN_EMPTY_BODY = YES;
				CLANG_WARN_ENUM_CONVERSION = YES;
				CLANG_WARN_INT_CONVERSION = YES;
				CLANG_WARN_OBJC_ROOT_CLASS = YES_ERROR;
				CLANG_WARN_UNREACHABLE_CODE = YES;
				CLANG_WARN__DUPLICATE_METHOD_MATCH = YES;
				"CODE_SIGN_IDENTITY[sdk=iphoneos*]" = "iPhone Developer";
				COPY_PHASE_STRIP = NO;
				DEBUG_INFORMATION_FORMAT = "dwarf-with-dsym";
				ENABLE_STRICT_OBJC_MSGSEND = YES;
				GCC_C_LANGUAGE_STANDARD = gnu99;
				GCC_DYNAMIC_NO_PIC = NO;
				GCC_NO_COMMON_BLOCKS = YES;
				GCC_OPTIMIZATION_LEVEL = 0;
				GCC_PREPROCESSOR_DEFINITIONS = (
					"DEBUG=1",
					"$(inherited)",
				);
				GCC_SYMBOLS_PRIVATE_EXTERN = NO;
				GCC_WARN_64_TO_32_BIT_CONVERSION = YES;
				GCC_WARN_ABOUT_RETURN_TYPE = YES_ERROR;
				GCC_WARN_UNDECLARED_SELECTOR = YES;
				GCC_WARN_UNINITIALIZED_AUTOS = YES_AGGRESSIVE;
				GCC_WARN_UNUSED_FUNCTION = YES;
				GCC_WARN_UNUSED_VARIABLE = YES;
				IPHONEOS_DEPLOYMENT_TARGET = 8.3;
				MTL_ENABLE_DEBUG_INFO = YES;
				ONLY_ACTIVE_ARCH = YES;
				SDKROOT = iphoneos;
				TARGETED_DEVICE_FAMILY = "1,2";
			};
			name = Debug;
		};
		382E4B7D1B256A5B000900F8 /* Release */ = {
			isa = XCBuildConfiguration;
			buildSettings = {
				ALWAYS_SEARCH_USER_PATHS = NO;
				CLANG_CXX_LANGUAGE_STANDARD = "gnu++0x";
				CLANG_CXX_LIBRARY = "libc++";
				CLANG_ENABLE_MODULES = YES;
				CLANG_ENABLE_OBJC_ARC = YES;
				CLANG_WARN_BOOL_CONVERSION = YES;
				CLANG_WARN_CONSTANT_CONVERSION = YES;
				CLANG_WARN_DIRECT_OBJC_ISA_USAGE = YES_ERROR;
				CLANG_WARN_EMPTY_BODY = YES;
				CLANG_WARN_ENUM_CONVERSION = YES;
				CLANG_WARN_INT_CONVERSION = YES;
				CLANG_WARN_OBJC_ROOT_CLASS = YES_ERROR;
				CLANG_WARN_UNREACHABLE_CODE = YES;
				CLANG_WARN__DUPLICATE_METHOD_MATCH = YES;
				"CODE_SIGN_IDENTITY[sdk=iphoneos*]" = "iPhone Developer";
				COPY_PHASE_STRIP = NO;
				DEBUG_INFORMATION_FORMAT = "dwarf-with-dsym";
				ENABLE_NS_ASSERTIONS = NO;
				ENABLE_STRICT_OBJC_MSGSEND = YES;
				GCC_C_LANGUAGE_STANDARD = gnu99;
				GCC_NO_COMMON_BLOCKS = YES;
				GCC_WARN_64_TO_32_BIT_CONVERSION = YES;
				GCC_WARN_ABOUT_RETURN_TYPE = YES_ERROR;
				GCC_WARN_UNDECLARED_SELECTOR = YES;
				GCC_WARN_UNINITIALIZED_AUTOS = YES_AGGRESSIVE;
				GCC_WARN_UNUSED_FUNCTION = YES;
				GCC_WARN_UNUSED_VARIABLE = YES;
				IPHONEOS_DEPLOYMENT_TARGET = 8.3;
				MTL_ENABLE_DEBUG_INFO = NO;
				SDKROOT = iphoneos;
				TARGETED_DEVICE_FAMILY = "1,2";
				VALIDATE_PRODUCT = YES;
			};
			name = Release;
		};
		382E4B7F1B256A5B000900F8 /* Debug */ = {
			isa = XCBuildConfiguration;
			buildSettings = {
				ASSETCATALOG_COMPILER_APPICON_NAME = AppIcon;
				INFOPLIST_FILE = WindBandApp/Info.plist;
				LD_RUNPATH_SEARCH_PATHS = "$(inherited) @executable_path/Frameworks";
				PRODUCT_NAME = "$(TARGET_NAME)";
			};
			name = Debug;
		};
		382E4B801B256A5B000900F8 /* Release */ = {
			isa = XCBuildConfiguration;
			buildSettings = {
				ASSETCATALOG_COMPILER_APPICON_NAME = AppIcon;
				INFOPLIST_FILE = WindBandApp/Info.plist;
				LD_RUNPATH_SEARCH_PATHS = "$(inherited) @executable_path/Frameworks";
				PRODUCT_NAME = "$(TARGET_NAME)";
			};
			name = Release;
		};
		382E4B821B256A5B000900F8 /* Debug */ = {
			isa = XCBuildConfiguration;
			buildSettings = {
				BUNDLE_LOADER = "$(TEST_HOST)";
				FRAMEWORK_SEARCH_PATHS = (
					"$(SDKROOT)/Developer/Library/Frameworks",
					"$(inherited)",
				);
				GCC_PREPROCESSOR_DEFINITIONS = (
					"DEBUG=1",
					"$(inherited)",
				);
				INFOPLIST_FILE = WindBandAppTests/Info.plist;
				LD_RUNPATH_SEARCH_PATHS = "$(inherited) @executable_path/Frameworks @loader_path/Frameworks";
				PRODUCT_NAME = "$(TARGET_NAME)";
				TEST_HOST = "$(BUILT_PRODUCTS_DIR)/WindBandApp.app/WindBandApp";
			};
			name = Debug;
		};
		382E4B831B256A5B000900F8 /* Release */ = {
			isa = XCBuildConfiguration;
			buildSettings = {
				BUNDLE_LOADER = "$(TEST_HOST)";
				FRAMEWORK_SEARCH_PATHS = (
					"$(SDKROOT)/Developer/Library/Frameworks",
					"$(inherited)",
				);
				INFOPLIST_FILE = WindBandAppTests/Info.plist;
				LD_RUNPATH_SEARCH_PATHS = "$(inherited) @executable_path/Frameworks @loader_path/Frameworks";
				PRODUCT_NAME = "$(TARGET_NAME)";
				TEST_HOST = "$(BUILT_PRODUCTS_DIR)/WindBandApp.app/WindBandApp";
			};
			name = Release;
		};
/* End XCBuildConfiguration section */

/* Begin XCConfigurationList section */
		382E4B531B256A5B000900F8 /* Build configuration list for PBXProject "WindBandApp" */ = {
			isa = XCConfigurationList;
			buildConfigurations = (
				382E4B7C1B256A5B000900F8 /* Debug */,
				382E4B7D1B256A5B000900F8 /* Release */,
			);
			defaultConfigurationIsVisible = 0;
			defaultConfigurationName = Release;
		};
		382E4B7E1B256A5B000900F8 /* Build configuration list for PBXNativeTarget "WindBandApp" */ = {
			isa = XCConfigurationList;
			buildConfigurations = (
				382E4B7F1B256A5B000900F8 /* Debug */,
				382E4B801B256A5B000900F8 /* Release */,
			);
			defaultConfigurationIsVisible = 0;
		};
		382E4B811B256A5B000900F8 /* Build configuration list for PBXNativeTarget "WindBandAppTests" */ = {
			isa = XCConfigurationList;
			buildConfigurations = (
				382E4B821B256A5B000900F8 /* Debug */,
				382E4B831B256A5B000900F8 /* Release */,
			);
			defaultConfigurationIsVisible = 0;
		};
/* End XCConfigurationList section */
	};
	rootObject = 382E4B501B256A5B000900F8 /* Project object */;
}
